
Microsoft Visual Studio Solution File, Format Version 12.00
# Visual Studio Version 17
VisualStudioVersion = 17.9.34622.214
MinimumVisualStudioVersion = 10.0.40219.1
Project("{2150E333-8FDC-42A3-9474-1A3956D46DE8}") = "Core", "Core", "{21580BD7-84AA-4C5B-AC9C-86DDE7CA8FF8}"
EndProject
Project("{FAE04EC0-301F-11D3-BF4B-00C04F79EFBC}") = "CarBookProject.Domain", "CarBookProject.Domain\CarBookProject.Domain.csproj", "{94FAE322-60CB-4706-88B3-4E2FA7208735}"
EndProject
Global
	GlobalSection(SolutionConfigurationPlatforms) = preSolution
		Debug|Any CPU = Debug|Any CPU
		Release|Any CPU = Release|Any CPU
	EndGlobalSection
	GlobalSection(ProjectConfigurationPlatforms) = postSolution
		{94FAE322-60CB-4706-88B3-4E2FA7208735}.Debug|Any CPU.ActiveCfg = Debug|Any CPU
		{94FAE322-60CB-4706-88B3-4E2FA7208735}.Debug|Any CPU.Build.0 = Debug|Any CPU
		{94FAE322-60CB-4706-88B3-4E2FA7208735}.Release|Any CPU.ActiveCfg = Release|Any CPU
		{94FAE322-60CB-4706-88B3-4E2FA7208735}.Release|Any CPU.Build.0 = Release|Any CPU
	EndGlobalSection
	GlobalSection(SolutionProperties) = preSolution
		HideSolutionNode = FALSE
	EndGlobalSection
	GlobalSection(NestedProjects) = preSolution
		{94FAE322-60CB-4706-88B3-4E2FA7208735} = {21580BD7-84AA-4C5B-AC9C-86DDE7CA8FF8}
	EndGlobalSection
	GlobalSection(ExtensibilityGlobals) = postSolution
		SolutionGuid = {C27E52E9-9003-413C-A912-6422F35B9E59}
	EndGlobalSection
EndGlobal
